hash: a96f9fabace258311a15ee7ea8073f34bca7096caafd9d8a72b8529e1f15c604
updated: 2017-05-23T17:16:26.461672271+02:00
imports:
- name: github.com/golang/glog
  version: 23def4e6c14b4da8ac2ed8007337bc5eb5007998
- name: gopkg.in/yaml.v2
  version: 53feefa2559fb8dfa8d81baad31be332c97d6c77
- name: github.com/shopspring/decimal
  version: 9ca7f51822d222ae4e246f070f9aad863599bd1a
- name: github.com/urfave/cli
  version: 1efa31f08b9333f1bd4882d61f9d668a70cd902e
testImports: []
